<?xml version="1.0" encoding="utf-8"?>
<Project ToolsVersion="4.0" xmlns="http://schemas.microsoft.com/developer/msbuild/2003">
  <ItemGroup>
    <Filter Include="Source Files">
      <UniqueIdentifier>{4FC737F1-C7A5-4376-A066-2A32D752A2FF}</UniqueIdentifier>
      <Extensions>cpp;c;cc;cxx;def;odl;idl;hpj;bat;asm;asmx</Extensions>
    </Filter>
    <Filter Include="Header Files">
      <UniqueIdentifier>{93995380-89BD-4b04-88EB-625FBE52EBFB}</UniqueIdentifier>
      <Extensions>h;hpp;hxx;hm;inl;inc;xsd</Extensions>
    </Filter>
    <Filter Include="Header Files\Wavetable">
      <UniqueIdentifier>{2b15c983-5024-4f6d-9bd4-3388221a547a}</UniqueIdentifier>
    </Filter>
    <Filter Include="Source Files\Wavetable">
      <UniqueIdentifier>{d6699e1f-60ec-465c-b7b6-a83f1afea3bd}</UniqueIdentifier>
    </Filter>
  </ItemGroup>
  <ItemGroup>
    <ClInclude Include="stdafx.h">
      <Filter>Header Files</Filter>
    </ClInclude>
    <ClInclude Include="targetver.h">
      <Filter>Header Files</Filter>
    </ClInclude>
    <ClInclude Include="Defines.h">
      <Filter>Header Files</Filter>
    </ClInclude>
    <ClInclude Include="Filter.h">
      <Filter>Header Files</Filter>
    </ClInclude>
    <ClInclude Include="Frame.h">
      <Filter>Header Files</Filter>
    </ClInclude>
    <ClInclude Include="LFO.h">
      <Filter>Header Files</Filter>
    </ClInclude>
    <ClInclude Include="MasterModule.h">
      <Filter>Header Files</Filter>
    </ClInclude>
    <ClInclude Include="Module.h">
      <Filter>Header Files</Filter>
    </ClInclude>
    <ClInclude Include="NoiseGen.h">
      <Filter>Header Files</Filter>
    </ClInclude>
    <ClInclude Include="Oscillator.h">
      <Filter>Header Files</Filter>
    </ClInclude>
    <ClInclude Include="Synth.h">
      <Filter>Header Files</Filter>
    </ClInclude>
    <ClInclude Include="Voice.h">
      <Filter>Header Files</Filter>
    </ClInclude>
    <ClInclude Include="Logger.h">
      <Filter>Header Files</Filter>
    </ClInclude>
    <ClInclude Include="EnvelopeGen.h">
      <Filter>Header Files</Filter>
    </ClInclude>
    <ClInclude Include="Math.hpp">
      <Filter>Header Files</Filter>
    </ClInclude>
    <ClInclude Include="Wavetable\Interpolator.hpp">
      <Filter>Header Files\Wavetable</Filter>
    </ClInclude>
    <ClInclude Include="Wavetable\Wavetable.hpp">
      <Filter>Header Files\Wavetable</Filter>
    </ClInclude>
    <ClInclude Include="Wavetable\Downsampler.hpp">
      <Filter>Header Files\Wavetable</Filter>
    </ClInclude>
  </ItemGroup>
  <ItemGroup>
    <ClCompile Include="stdafx.cpp">
      <Filter>Source Files</Filter>
    </ClCompile>
    <ClCompile Include="Filter.cpp">
      <Filter>Source Files</Filter>
    </ClCompile>
    <ClCompile Include="LFO.cpp">
      <Filter>Source Files</Filter>
    </ClCompile>
    <ClCompile Include="MasterModule.cpp">
      <Filter>Source Files</Filter>
    </ClCompile>
    <ClCompile Include="Module.cpp">
      <Filter>Source Files</Filter>
    </ClCompile>
    <ClCompile Include="NoiseGen.cpp">
      <Filter>Source Files</Filter>
    </ClCompile>
    <ClCompile Include="Oscillator.cpp">
      <Filter>Source Files</Filter>
    </ClCompile>
    <ClCompile Include="Synth.cpp">
      <Filter>Source Files</Filter>
    </ClCompile>
    <ClCompile Include="Voice.cpp">
      <Filter>Source Files</Filter>
    </ClCompile>
    <ClCompile Include="Logger.cpp">
      <Filter>Source Files</Filter>
    </ClCompile>
    <ClCompile Include="EnvelopeGen.cpp">
      <Filter>Source Files</Filter>
    </ClCompile>
    <ClCompile Include="Math.cpp">
      <Filter>Source Files</Filter>
    </ClCompile>
    <ClCompile Include="Wavetable\Interpolator.cpp">
      <Filter>Source Files\Wavetable</Filter>
    </ClCompile>
    <ClCompile Include="Wavetable\Wavetable.cpp">
      <Filter>Source Files\Wavetable</Filter>
    </ClCompile>
    <ClCompile Include="Wavetable\WaveTableSSE.cpp">
      <Filter>Source Files\Wavetable</Filter>
    </ClCompile>
  </ItemGroup>
</Project>